
Microsoft Visual Studio Solution File, Format Version 12.00
# Visual Studio Version 17
VisualStudioVersion = 17.10.35027.167
MinimumVisualStudioVersion = 10.0.40219.1
Project("{FAE04EC0-301F-11D3-BF4B-00C04F79EFBC}") = "TestProcent", "TestProcent\TestProcent.csproj", "{0A889953-345C-48AB-B4E7-9588AA999376}"
EndProject
Project("{FAE04EC0-301F-11D3-BF4B-00C04F79EFBC}") = "HardProcent", "HardProcent\HardProcent.csproj", "{E017C35E-9D81-4CD2-BE12-CC3B67BA1EA4}"
EndProject
Global
	GlobalSection(SolutionConfigurationPlatforms) = preSolution
		Debug|Any CPU = Debug|Any CPU
		Release|Any CPU = Release|Any CPU
	EndGlobalSection
	GlobalSection(ProjectConfigurationPlatforms) = postSolution
		{0A889953-345C-48AB-B4E7-9588AA999376}.Debug|Any CPU.ActiveCfg = Debug|Any CPU
		{0A889953-345C-48AB-B4E7-9588AA999376}.Debug|Any CPU.Build.0 = Debug|Any CPU
		{0A889953-345C-48AB-B4E7-9588AA999376}.Release|Any CPU.ActiveCfg = Release|Any CPU
		{0A889953-345C-48AB-B4E7-9588AA999376}.Release|Any CPU.Build.0 = Release|Any CPU
		{E017C35E-9D81-4CD2-BE12-CC3B67BA1EA4}.Debug|Any CPU.ActiveCfg = Debug|Any CPU
		{E017C35E-9D81-4CD2-BE12-CC3B67BA1EA4}.Debug|Any CPU.Build.0 = Debug|Any CPU
		{E017C35E-9D81-4CD2-BE12-CC3B67BA1EA4}.Release|Any CPU.ActiveCfg = Release|Any CPU
		{E017C35E-9D81-4CD2-BE12-CC3B67BA1EA4}.Release|Any CPU.Build.0 = Release|Any CPU
	EndGlobalSection
	GlobalSection(SolutionProperties) = preSolution
		HideSolutionNode = FALSE
	EndGlobalSection
	GlobalSection(ExtensibilityGlobals) = postSolution
		SolutionGuid = {7D2E6E75-E9F1-46ED-A281-EB612C4D28AD}
	EndGlobalSection
EndGlobal
